
Microsoft Visual Studio Solution File, Format Version 12.00
# Visual Studio Version 16
VisualStudioVersion = 16.0.31624.102
MinimumVisualStudioVersion = 10.0.40219.1
Project("{9A19103F-16F7-4668-BE54-9A1E7A4F7556}") = "HiddenVilla.Server", "HiddenVilla.Server\HiddenVilla.Server.csproj", "{D4C419AF-09C7-4BFE-9223-3AD4444867A4}"
EndProject
Project("{9A19103F-16F7-4668-BE54-9A1E7A4F7556}") = "DataAccess", "DataAccess\DataAccess.csproj", "{28D55D87-5F4A-44F2-8956-CFF4B2B24875}"
EndProject
Project("{9A19103F-16F7-4668-BE54-9A1E7A4F7556}") = "Common", "Common\Common.csproj", "{87F572B7-5919-4F88-97E2-A2337795D30D}"
EndProject
Project("{9A19103F-16F7-4668-BE54-9A1E7A4F7556}") = "Business", "Business\Business.csproj", "{33EF4520-C78E-49EA-9633-9AE5061F8D8C}"
EndProject
Project("{9A19103F-16F7-4668-BE54-9A1E7A4F7556}") = "Models", "Models\Models.csproj", "{19740058-71D5-4D64-8F42-778BFDAA25CB}"
EndProject
Project("{9A19103F-16F7-4668-BE54-9A1E7A4F7556}") = "HiddenVilla.Api", "HiddenVilla.Api\HiddenVilla.Api.csproj", "{10BFBB44-EEEB-4C00-8584-056E09ACD25A}"
EndProject
Project("{9A19103F-16F7-4668-BE54-9A1E7A4F7556}") = "HiddenVilla.Client", "HiddenVilla.Client\HiddenVilla.Client.csproj", "{E3197CFF-1E18-4C75-BA8B-CBCDA03B79F2}"
EndProject
Global
	GlobalSection(SolutionConfigurationPlatforms) = preSolution
		Debug|Any CPU = Debug|Any CPU
		Release|Any CPU = Release|Any CPU
	EndGlobalSection
	GlobalSection(ProjectConfigurationPlatforms) = postSolution
		{D4C419AF-09C7-4BFE-9223-3AD4444867A4}.Debug|Any CPU.ActiveCfg = Debug|Any CPU
		{D4C419AF-09C7-4BFE-9223-3AD4444867A4}.Debug|Any CPU.Build.0 = Debug|Any CPU
		{D4C419AF-09C7-4BFE-9223-3AD4444867A4}.Release|Any CPU.ActiveCfg = Release|Any CPU
		{D4C419AF-09C7-4BFE-9223-3AD4444867A4}.Release|Any CPU.Build.0 = Release|Any CPU
		{28D55D87-5F4A-44F2-8956-CFF4B2B24875}.Debug|Any CPU.ActiveCfg = Debug|Any CPU
		{28D55D87-5F4A-44F2-8956-CFF4B2B24875}.Debug|Any CPU.Build.0 = Debug|Any CPU
		{28D55D87-5F4A-44F2-8956-CFF4B2B24875}.Release|Any CPU.ActiveCfg = Release|Any CPU
		{28D55D87-5F4A-44F2-8956-CFF4B2B24875}.Release|Any CPU.Build.0 = Release|Any CPU
		{87F572B7-5919-4F88-97E2-A2337795D30D}.Debug|Any CPU.ActiveCfg = Debug|Any CPU
		{87F572B7-5919-4F88-97E2-A2337795D30D}.Debug|Any CPU.Build.0 = Debug|Any CPU
		{87F572B7-5919-4F88-97E2-A2337795D30D}.Release|Any CPU.ActiveCfg = Release|Any CPU
		{87F572B7-5919-4F88-97E2-A2337795D30D}.Release|Any CPU.Build.0 = Release|Any CPU
		{33EF4520-C78E-49EA-9633-9AE5061F8D8C}.Debug|Any CPU.ActiveCfg = Debug|Any CPU
		{33EF4520-C78E-49EA-9633-9AE5061F8D8C}.Debug|Any CPU.Build.0 = Debug|Any CPU
		{33EF4520-C78E-49EA-9633-9AE5061F8D8C}.Release|Any CPU.ActiveCfg = Release|Any CPU
		{33EF4520-C78E-49EA-9633-9AE5061F8D8C}.Release|Any CPU.Build.0 = Release|Any CPU
		{19740058-71D5-4D64-8F42-778BFDAA25CB}.Debug|Any CPU.ActiveCfg = Debug|Any CPU
		{19740058-71D5-4D64-8F42-778BFDAA25CB}.Debug|Any CPU.Build.0 = Debug|Any CPU
		{19740058-71D5-4D64-8F42-778BFDAA25CB}.Release|Any CPU.ActiveCfg = Release|Any CPU
		{19740058-71D5-4D64-8F42-778BFDAA25CB}.Release|Any CPU.Build.0 = Release|Any CPU
		{10BFBB44-EEEB-4C00-8584-056E09ACD25A}.Debug|Any CPU.ActiveCfg = Debug|Any CPU
		{10BFBB44-EEEB-4C00-8584-056E09ACD25A}.Debug|Any CPU.Build.0 = Debug|Any CPU
		{10BFBB44-EEEB-4C00-8584-056E09ACD25A}.Release|Any CPU.ActiveCfg = Release|Any CPU
		{10BFBB44-EEEB-4C00-8584-056E09ACD25A}.Release|Any CPU.Build.0 = Release|Any CPU
		{E3197CFF-1E18-4C75-BA8B-CBCDA03B79F2}.Debug|Any CPU.ActiveCfg = Debug|Any CPU
		{E3197CFF-1E18-4C75-BA8B-CBCDA03B79F2}.Debug|Any CPU.Build.0 = Debug|Any CPU
		{E3197CFF-1E18-4C75-BA8B-CBCDA03B79F2}.Release|Any CPU.ActiveCfg = Release|Any CPU
		{E3197CFF-1E18-4C75-BA8B-CBCDA03B79F2}.Release|Any CPU.Build.0 = Release|Any CPU
	EndGlobalSection
	GlobalSection(SolutionProperties) = preSolution
		HideSolutionNode = FALSE
	EndGlobalSection
	GlobalSection(ExtensibilityGlobals) = postSolution
		SolutionGuid = {6D4FB5A3-890E-47E2-AF04-1A5395F2EC5A}
	EndGlobalSection
EndGlobal
