
Microsoft Visual Studio Solution File, Format Version 12.00
# Visual Studio Version 16
VisualStudioVersion = 16.0.31624.102
MinimumVisualStudioVersion = 10.0.40219.1
Project("{9A19103F-16F7-4668-BE54-9A1E7A4F7556}") = "HiddenVilla.Server", "HiddenVilla.Server\HiddenVilla.Server.csproj", "{D4C419AF-09C7-4BFE-9223-3AD4444867A4}"
EndProject
Global
	GlobalSection(SolutionConfigurationPlatforms) = preSolution
		Debug|Any CPU = Debug|Any CPU
		Release|Any CPU = Release|Any CPU
	EndGlobalSection
	GlobalSection(ProjectConfigurationPlatforms) = postSolution
		{D4C419AF-09C7-4BFE-9223-3AD4444867A4}.Debug|Any CPU.ActiveCfg = Debug|Any CPU
		{D4C419AF-09C7-4BFE-9223-3AD4444867A4}.Debug|Any CPU.Build.0 = Debug|Any CPU
		{D4C419AF-09C7-4BFE-9223-3AD4444867A4}.Release|Any CPU.ActiveCfg = Release|Any CPU
		{D4C419AF-09C7-4BFE-9223-3AD4444867A4}.Release|Any CPU.Build.0 = Release|Any CPU
	EndGlobalSection
	GlobalSection(SolutionProperties) = preSolution
		HideSolutionNode = FALSE
	EndGlobalSection
	GlobalSection(ExtensibilityGlobals) = postSolution
		SolutionGuid = {6D4FB5A3-890E-47E2-AF04-1A5395F2EC5A}
	EndGlobalSection
EndGlobal
